// !$*UTF8*$!
{
	archiveVersion = 1;
	classes = {
	};
	objectVersion = 50;
	objects = {

/* Begin PBXBuildFile section */
		18D0C088224B727500952AEF /* AppDelegate.m in Sources */ = {isa = PBXBuildFile; fileRef = 18D0C087224B727500952AEF /* AppDelegate.m */; };
		18D0C08B224B727500952AEF /* ViewController.m in Sources */ = {isa = PBXBuildFile; fileRef = 18D0C08A224B727500952AEF /* ViewController.m */; };
		18D0C08E224B727500952AEF /* Main.storyboard in Resources */ = {isa = PBXBuildFile; fileRef = 18D0C08C224B727500952AEF /* Main.storyboard */; };
		18D0C090224B727600952AEF /* Assets.xcassets in Resources */ = {isa = PBXBuildFile; fileRef = 18D0C08F224B727600952AEF /* Assets.xcassets */; };
		18D0C093224B727600952AEF /* LaunchScreen.storyboard in Resources */ = {isa = PBXBuildFile; fileRef = 18D0C091224B727600952AEF /* LaunchScreen.storyboard */; };
		18D0C096224B727600952AEF /* main.m in Sources */ = {isa = PBXBuildFile; fileRef = 18D0C095224B727600952AEF /* main.m */; };
		18D0C0A0224B727600952AEF /* ZZBConvertToolTests.m in Sources */ = {isa = PBXBuildFile; fileRef = 18D0C09F224B727600952AEF /* ZZBConvertToolTests.m */; };
		18D0C0AB224B727600952AEF /* ZZBConvertToolUITests.m in Sources */ = {isa = PBXBuildFile; fileRef = 18D0C0AA224B727600952AEF /* ZZBConvertToolUITests.m */; };
		18D0C0BC224B769800952AEF /* ZZBConvertDecimal.m in Sources */ = {isa = PBXBuildFile; fileRef = 18D0C0BB224B769800952AEF /* ZZBConvertDecimal.m */; };
		18D0C0BF224B782F00952AEF /* ZZBConvertBinary.m in Sources */ = {isa = PBXBuildFile; fileRef = 18D0C0BE224B782F00952AEF /* ZZBConvertBinary.m */; };
		18D0C0C3224B78A200952AEF /* ZZBConvertOctal.m in Sources */ = {isa = PBXBuildFile; fileRef = 18D0C0C2224B78A200952AEF /* ZZBConvertOctal.m */; };
		18D0C0C6224B78D000952AEF /* ZZBConvertHex.m in Sources */ = {isa = PBXBuildFile; fileRef = 18D0C0C5224B78D000952AEF /* ZZBConvertHex.m */; };
		18D0C0C9224C567000952AEF /* ZZBConvertHelp.m in Sources */ = {isa = PBXBuildFile; fileRef = 18D0C0C8224C567000952AEF /* ZZBConvertHelp.m */; };
/* End PBXBuildFile section */

/* Begin PBXContainerItemProxy section */
		18D0C09C224B727600952AEF /* PBXContainerItemProxy */ = {
			isa = PBXContainerItemProxy;
			containerPortal = 18D0C07B224B727500952AEF /* Project object */;
			proxyType = 1;
			remoteGlobalIDString = 18D0C082224B727500952AEF;
			remoteInfo = ZZBConvertTool;
		};
		18D0C0A7224B727600952AEF /* PBXContainerItemProxy */ = {
			isa = PBXContainerItemProxy;
			containerPortal = 18D0C07B224B727500952AEF /* Project object */;
			proxyType = 1;
			remoteGlobalIDString = 18D0C082224B727500952AEF;
			remoteInfo = ZZBConvertTool;
		};
/* End PBXContainerItemProxy section */

/* Begin PBXFileReference section */
		18D0C083224B727500952AEF /* ZZBConvertTool.app */ = {isa = PBXFileReference; explicitFileType = wrapper.application; includeInIndex = 0; path = ZZBConvertTool.app; sourceTree = BUILT_PRODUCTS_DIR; };
		18D0C086224B727500952AEF /* AppDelegate.h */ = {isa = PBXFileReference; lastKnownFileType = sourcecode.c.h; path = AppDelegate.h; sourceTree = "<group>"; };
		18D0C087224B727500952AEF /* AppDelegate.m */ = {isa = PBXFileReference; lastKnownFileType = sourcecode.c.objc; path = AppDelegate.m; sourceTree = "<group>"; };
		18D0C089224B727500952AEF /* ViewController.h */ = {isa = PBXFileReference; lastKnownFileType = sourcecode.c.h; path = ViewController.h; sourceTree = "<group>"; };
		18D0C08A224B727500952AEF /* ViewController.m */ = {isa = PBXFileReference; lastKnownFileType = sourcecode.c.objc; path = ViewController.m; sourceTree = "<group>"; };
		18D0C08D224B727500952AEF /* Base */ = {isa = PBXFileReference; lastKnownFileType = file.storyboard; name = Base; path = Base.lproj/Main.storyboard; sourceTree = "<group>"; };
		18D0C08F224B727600952AEF /* Assets.xcassets */ = {isa = PBXFileReference; lastKnownFileType = folder.assetcatalog; path = Assets.xcassets; sourceTree = "<group>"; };
		18D0C092224B727600952AEF /* Base */ = {isa = PBXFileReference; lastKnownFileType = file.storyboard; name = Base; path = Base.lproj/LaunchScreen.storyboard; sourceTree = "<group>"; };
		18D0C094224B727600952AEF /* Info.plist */ = {isa = PBXFileReference; lastKnownFileType = text.plist.xml; path = Info.plist; sourceTree = "<group>"; };
		18D0C095224B727600952AEF /* main.m */ = {isa = PBXFileReference; lastKnownFileType = sourcecode.c.objc; path = main.m; sourceTree = "<group>"; };
		18D0C09B224B727600952AEF /* ZZBConvertToolTests.xctest */ = {isa = PBXFileReference; explicitFileType = wrapper.cfbundle; includeInIndex = 0; path = ZZBConvertToolTests.xctest; sourceTree = BUILT_PRODUCTS_DIR; };
		18D0C09F224B727600952AEF /* ZZBConvertToolTests.m */ = {isa = PBXFileReference; lastKnownFileType = sourcecode.c.objc; path = ZZBConvertToolTests.m; sourceTree = "<group>"; };
		18D0C0A1224B727600952AEF /* Info.plist */ = {isa = PBXFileReference; lastKnownFileType = text.plist.xml; path = Info.plist; sourceTree = "<group>"; };
		18D0C0A6224B727600952AEF /* ZZBConvertToolUITests.xctest */ = {isa = PBXFileReference; explicitFileType = wrapper.cfbundle; includeInIndex = 0; path = ZZBConvertToolUITests.xctest; sourceTree = BUILT_PRODUCTS_DIR; };
		18D0C0AA224B727600952AEF /* ZZBConvertToolUITests.m */ = {isa = PBXFileReference; lastKnownFileType = sourcecode.c.objc; path = ZZBConvertToolUITests.m; sourceTree = "<group>"; };
		18D0C0AC224B727600952AEF /* Info.plist */ = {isa = PBXFileReference; lastKnownFileType = text.plist.xml; path = Info.plist; sourceTree = "<group>"; };
		18D0C0B9224B750100952AEF /* ZZBConvertTool.h */ = {isa = PBXFileReference; lastKnownFileType = sourcecode.c.h; path = ZZBConvertTool.h; sourceTree = "<group>"; };
		18D0C0BA224B769800952AEF /* ZZBConvertDecimal.h */ = {isa = PBXFileReference; lastKnownFileType = sourcecode.c.h; path = ZZBConvertDecimal.h; sourceTree = "<group>"; };
		18D0C0BB224B769800952AEF /* ZZBConvertDecimal.m */ = {isa = PBXFileReference; lastKnownFileType = sourcecode.c.objc; path = ZZBConvertDecimal.m; sourceTree = "<group>"; };
		18D0C0BD224B782F00952AEF /* ZZBConvertBinary.h */ = {isa = PBXFileReference; lastKnownFileType = sourcecode.c.h; path = ZZBConvertBinary.h; sourceTree = "<group>"; };
		18D0C0BE224B782F00952AEF /* ZZBConvertBinary.m */ = {isa = PBXFileReference; lastKnownFileType = sourcecode.c.objc; path = ZZBConvertBinary.m; sourceTree = "<group>"; };
		18D0C0C1224B78A200952AEF /* ZZBConvertOctal.h */ = {isa = PBXFileReference; lastKnownFileType = sourcecode.c.h; path = ZZBConvertOctal.h; sourceTree = "<group>"; };
		18D0C0C2224B78A200952AEF /* ZZBConvertOctal.m */ = {isa = PBXFileReference; lastKnownFileType = sourcecode.c.objc; path = ZZBConvertOctal.m; sourceTree = "<group>"; };
		18D0C0C4224B78D000952AEF /* ZZBConvertHex.h */ = {isa = PBXFileReference; lastKnownFileType = sourcecode.c.h; path = ZZBConvertHex.h; sourceTree = "<group>"; };
		18D0C0C5224B78D000952AEF /* ZZBConvertHex.m */ = {isa = PBXFileReference; lastKnownFileType = sourcecode.c.objc; path = ZZBConvertHex.m; sourceTree = "<group>"; };
		18D0C0C7224C567000952AEF /* ZZBConvertHelp.h */ = {isa = PBXFileReference; lastKnownFileType = sourcecode.c.h; path = ZZBConvertHelp.h; sourceTree = "<group>"; };
		18D0C0C8224C567000952AEF /* ZZBConvertHelp.m */ = {isa = PBXFileReference; lastKnownFileType = sourcecode.c.objc; path = ZZBConvertHelp.m; sourceTree = "<group>"; };
/* End PBXFileReference section */

/* Begin PBXFrameworksBuildPhase section */
		18D0C080224B727500952AEF /* Frameworks */ = {
			isa = PBXFrameworksBuildPhase;
			buildActionMask = 2147483647;
			files = (
			);
			runOnlyForDeploymentPostprocessing = 0;
		};
		18D0C098224B727600952AEF /* Frameworks */ = {
			isa = PBXFrameworksBuildPhase;
			buildActionMask = 2147483647;
			files = (
			);
			runOnlyForDeploymentPostprocessing = 0;
		};
		18D0C0A3224B727600952AEF /* Frameworks */ = {
			isa = PBXFrameworksBuildPhase;
			buildActionMask = 2147483647;
			files = (
			);
			runOnlyForDeploymentPostprocessing = 0;
		};
/* End PBXFrameworksBuildPhase section */

/* Begin PBXGroup section */
		18D0C07A224B727500952AEF = {
			isa = PBXGroup;
			children = (
				18D0C085224B727500952AEF /* ZZBConvertTool */,
				18D0C09E224B727600952AEF /* ZZBConvertToolTests */,
				18D0C0A9224B727600952AEF /* ZZBConvertToolUITests */,
				18D0C084224B727500952AEF /* Products */,
			);
			sourceTree = "<group>";
		};
		18D0C084224B727500952AEF /* Products */ = {
			isa = PBXGroup;
			children = (
				18D0C083224B727500952AEF /* ZZBConvertTool.app */,
				18D0C09B224B727600952AEF /* ZZBConvertToolTests.xctest */,
				18D0C0A6224B727600952AEF /* ZZBConvertToolUITests.xctest */,
			);
			name = Products;
			sourceTree = "<group>";
		};
		18D0C085224B727500952AEF /* ZZBConvertTool */ = {
			isa = PBXGroup;
			children = (
				18D0C0B8224B74B300952AEF /* ConvertTool */,
				18D0C086224B727500952AEF /* AppDelegate.h */,
				18D0C087224B727500952AEF /* AppDelegate.m */,
				18D0C089224B727500952AEF /* ViewController.h */,
				18D0C08A224B727500952AEF /* ViewController.m */,
				18D0C08C224B727500952AEF /* Main.storyboard */,
				18D0C08F224B727600952AEF /* Assets.xcassets */,
				18D0C091224B727600952AEF /* LaunchScreen.storyboard */,
				18D0C094224B727600952AEF /* Info.plist */,
				18D0C095224B727600952AEF /* main.m */,
			);
			path = ZZBConvertTool;
			sourceTree = "<group>";
		};
		18D0C09E224B727600952AEF /* ZZBConvertToolTests */ = {
			isa = PBXGroup;
			children = (
				18D0C09F224B727600952AEF /* ZZBConvertToolTests.m */,
				18D0C0A1224B727600952AEF /* Info.plist */,
			);
			path = ZZBConvertToolTests;
			sourceTree = "<group>";
		};
		18D0C0A9224B727600952AEF /* ZZBConvertToolUITests */ = {
			isa = PBXGroup;
			children = (
				18D0C0AA224B727600952AEF /* ZZBConvertToolUITests.m */,
				18D0C0AC224B727600952AEF /* Info.plist */,
			);
			path = ZZBConvertToolUITests;
			sourceTree = "<group>";
		};
		18D0C0B8224B74B300952AEF /* ConvertTool */ = {
			isa = PBXGroup;
			children = (
				18D0C0BD224B782F00952AEF /* ZZBConvertBinary.h */,
				18D0C0BE224B782F00952AEF /* ZZBConvertBinary.m */,
				18D0C0BA224B769800952AEF /* ZZBConvertDecimal.h */,
				18D0C0BB224B769800952AEF /* ZZBConvertDecimal.m */,
				18D0C0C7224C567000952AEF /* ZZBConvertHelp.h */,
				18D0C0C8224C567000952AEF /* ZZBConvertHelp.m */,
				18D0C0C4224B78D000952AEF /* ZZBConvertHex.h */,
				18D0C0C5224B78D000952AEF /* ZZBConvertHex.m */,
				18D0C0C1224B78A200952AEF /* ZZBConvertOctal.h */,
				18D0C0C2224B78A200952AEF /* ZZBConvertOctal.m */,
				18D0C0B9224B750100952AEF /* ZZBConvertTool.h */,
			);
			path = ConvertTool;
			sourceTree = "<group>";
		};
/* End PBXGroup section */

/* Begin PBXNativeTarget section */
		18D0C082224B727500952AEF /* ZZBConvertTool */ = {
			isa = PBXNativeTarget;
			buildConfigurationList = 18D0C0AF224B727600952AEF /* Build configuration list for PBXNativeTarget "ZZBConvertTool" */;
			buildPhases = (
				18D0C07F224B727500952AEF /* Sources */,
				18D0C080224B727500952AEF /* Frameworks */,
				18D0C081224B727500952AEF /* Resources */,
			);
			buildRules = (
			);
			dependencies = (
			);
			name = ZZBConvertTool;
			productName = ZZBConvertTool;
			productReference = 18D0C083224B727500952AEF /* ZZBConvertTool.app */;
			productType = "com.apple.product-type.application";
		};
		18D0C09A224B727600952AEF /* ZZBConvertToolTests */ = {
			isa = PBXNativeTarget;
			buildConfigurationList = 18D0C0B2224B727600952AEF /* Build configuration list for PBXNativeTarget "ZZBConvertToolTests" */;
			buildPhases = (
				18D0C097224B727600952AEF /* Sources */,
				18D0C098224B727600952AEF /* Frameworks */,
				18D0C099224B727600952AEF /* Resources */,
			);
			buildRules = (
			);
			dependencies = (
				18D0C09D224B727600952AEF /* PBXTargetDependency */,
			);
			name = ZZBConvertToolTests;
			productName = ZZBConvertToolTests;
			productReference = 18D0C09B224B727600952AEF /* ZZBConvertToolTests.xctest */;
			productType = "com.apple.product-type.bundle.unit-test";
		};
		18D0C0A5224B727600952AEF /* ZZBConvertToolUITests */ = {
			isa = PBXNativeTarget;
			buildConfigurationList = 18D0C0B5224B727600952AEF /* Build configuration list for PBXNativeTarget "ZZBConvertToolUITests" */;
			buildPhases = (
				18D0C0A2224B727600952AEF /* Sources */,
				18D0C0A3224B727600952AEF /* Frameworks */,
				18D0C0A4224B727600952AEF /* Resources */,
			);
			buildRules = (
			);
			dependencies = (
				18D0C0A8224B727600952AEF /* PBXTargetDependency */,
			);
			name = ZZBConvertToolUITests;
			productName = ZZBConvertToolUITests;
			productReference = 18D0C0A6224B727600952AEF /* ZZBConvertToolUITests.xctest */;
			productType = "com.apple.product-type.bundle.ui-testing";
		};
/* End PBXNativeTarget section */

/* Begin PBXProject section */
		18D0C07B224B727500952AEF /* Project object */ = {
			isa = PBXProject;
			attributes = {
				LastUpgradeCheck = 1010;
				ORGANIZATIONNAME = apple;
				TargetAttributes = {
					18D0C082224B727500952AEF = {
						CreatedOnToolsVersion = 10.1;
					};
					18D0C09A224B727600952AEF = {
						CreatedOnToolsVersion = 10.1;
						TestTargetID = 18D0C082224B727500952AEF;
					};
					18D0C0A5224B727600952AEF = {
						CreatedOnToolsVersion = 10.1;
						TestTargetID = 18D0C082224B727500952AEF;
					};
				};
			};
			buildConfigurationList = 18D0C07E224B727500952AEF /* Build configuration list for PBXProject "ZZBConvertTool" */;
			compatibilityVersion = "Xcode 9.3";
			developmentRegion = en;
			hasScannedForEncodings = 0;
			knownRegions = (
				en,
				Base,
			);
			mainGroup = 18D0C07A224B727500952AEF;
			productRefGroup = 18D0C084224B727500952AEF /* Products */;
			projectDirPath = "";
			projectRoot = "";
			targets = (
				18D0C082224B727500952AEF /* ZZBConvertTool */,
				18D0C09A224B727600952AEF /* ZZBConvertToolTests */,
				18D0C0A5224B727600952AEF /* ZZBConvertToolUITests */,
			);
		};
/* End PBXProject section */

/* Begin PBXResourcesBuildPhase section */
		18D0C081224B727500952AEF /* Resources */ = {
			isa = PBXResourcesBuildPhase;
			buildActionMask = 2147483647;
			files = (
				18D0C093224B727600952AEF /* LaunchScreen.storyboard in Resources */,
				18D0C090224B727600952AEF /* Assets.xcassets in Resources */,
				18D0C08E224B727500952AEF /* Main.storyboard in Resources */,
			);
			runOnlyForDeploymentPostprocessing = 0;
		};
		18D0C099224B727600952AEF /* Resources */ = {
			isa = PBXResourcesBuildPhase;
			buildActionMask = 2147483647;
			files = (
			);
			runOnlyForDeploymentPostprocessing = 0;
		};
		18D0C0A4224B727600952AEF /* Resources */ = {
			isa = PBXResourcesBuildPhase;
			buildActionMask = 2147483647;
			files = (
			);
			runOnlyForDeploymentPostprocessing = 0;
		};
/* End PBXResourcesBuildPhase section */

/* Begin PBXSourcesBuildPhase section */
		18D0C07F224B727500952AEF /* Sources */ = {
			isa = PBXSourcesBuildPhase;
			buildActionMask = 2147483647;
			files = (
				18D0C0BC224B769800952AEF /* ZZBConvertDecimal.m in Sources */,
				18D0C0BF224B782F00952AEF /* ZZBConvertBinary.m in Sources */,
				18D0C0C3224B78A200952AEF /* ZZBConvertOctal.m in Sources */,
				18D0C0C9224C567000952AEF /* ZZBConvertHelp.m in Sources */,
				18D0C08B224B727500952AEF /* ViewController.m in Sources */,
				18D0C0C6224B78D000952AEF /* ZZBConvertHex.m in Sources */,
				18D0C096224B727600952AEF /* main.m in Sources */,
				18D0C088224B727500952AEF /* AppDelegate.m in Sources */,
			);
			runOnlyForDeploymentPostprocessing = 0;
		};
		18D0C097224B727600952AEF /* Sources */ = {
			isa = PBXSourcesBuildPhase;
			buildActionMask = 2147483647;
			files = (
				18D0C0A0224B727600952AEF /* ZZBConvertToolTests.m in Sources */,
			);
			runOnlyForDeploymentPostprocessing = 0;
		};
		18D0C0A2224B727600952AEF /* Sources */ = {
			isa = PBXSourcesBuildPhase;
			buildActionMask = 2147483647;
			files = (
				18D0C0AB224B727600952AEF /* ZZBConvertToolUITests.m in Sources */,
			);
			runOnlyForDeploymentPostprocessing = 0;
		};
/* End PBXSourcesBuildPhase section */

/* Begin PBXTargetDependency section */
		18D0C09D224B727600952AEF /* PBXTargetDependency */ = {
			isa = PBXTargetDependency;
			target = 18D0C082224B727500952AEF /* ZZBConvertTool */;
			targetProxy = 18D0C09C224B727600952AEF /* PBXContainerItemProxy */;
		};
		18D0C0A8224B727600952AEF /* PBXTargetDependency */ = {
			isa = PBXTargetDependency;
			target = 18D0C082224B727500952AEF /* ZZBConvertTool */;
			targetProxy = 18D0C0A7224B727600952AEF /* PBXContainerItemProxy */;
		};
/* End PBXTargetDependency section */

/* Begin PBXVariantGroup section */
		18D0C08C224B727500952AEF /* Main.storyboard */ = {
			isa = PBXVariantGroup;
			children = (
				18D0C08D224B727500952AEF /* Base */,
			);
			name = Main.storyboard;
			sourceTree = "<group>";
		};
		18D0C091224B727600952AEF /* LaunchScreen.storyboard */ = {
			isa = PBXVariantGroup;
			children = (
				18D0C092224B727600952AEF /* Base */,
			);
			name = LaunchScreen.storyboard;
			sourceTree = "<group>";
		};
/* End PBXVariantGroup section */

/* Begin XCBuildConfiguration section */
		18D0C0AD224B727600952AEF /* Debug */ = {
			isa = XCBuildConfiguration;
			buildSettings = {
				ALWAYS_SEARCH_USER_PATHS = NO;
				CLANG_ANALYZER_NONNULL = YES;
				CLANG_ANALYZER_NUMBER_OBJECT_CONVERSION = YES_AGGRESSIVE;
				CLANG_CXX_LANGUAGE_STANDARD = "gnu++14";
				CLANG_CXX_LIBRARY = "libc++";
				CLANG_ENABLE_MODULES = YES;
				CLANG_ENABLE_OBJC_ARC = YES;
				CLANG_ENABLE_OBJC_WEAK = YES;
				CLANG_WARN_BLOCK_CAPTURE_AUTORELEASING = YES;
				CLANG_WARN_BOOL_CONVERSION = YES;
				CLANG_WARN_COMMA = YES;
				CLANG_WARN_CONSTANT_CONVERSION = YES;
				CLANG_WARN_DEPRECATED_OBJC_IMPLEMENTATIONS = YES;
				CLANG_WARN_DIRECT_OBJC_ISA_USAGE = YES_ERROR;
				CLANG_WARN_DOCUMENTATION_COMMENTS = YES;
				CLANG_WARN_EMPTY_BODY = YES;
				CLANG_WARN_ENUM_CONVERSION = YES;
				CLANG_WARN_INFINITE_RECURSION = YES;
				CLANG_WARN_INT_CONVERSION = YES;
				CLANG_WARN_NON_LITERAL_NULL_CONVERSION = YES;
				CLANG_WARN_OBJC_IMPLICIT_RETAIN_SELF = YES;
				CLANG_WARN_OBJC_LITERAL_CONVERSION = YES;
				CLANG_WARN_OBJC_ROOT_CLASS = YES_ERROR;
				CLANG_WARN_RANGE_LOOP_ANALYSIS = YES;
				CLANG_WARN_STRICT_PROTOTYPES = YES;
				CLANG_WARN_SUSPICIOUS_MOVE = YES;
				CLANG_WARN_UNGUARDED_AVAILABILITY = YES_AGGRESSIVE;
				CLANG_WARN_UNREACHABLE_CODE = YES;
				CLANG_WARN__DUPLICATE_METHOD_MATCH = YES;
				CODE_SIGN_IDENTITY = "iPhone Developer";
				COPY_PHASE_STRIP = NO;
				DEBUG_INFORMATION_FORMAT = dwarf;
				ENABLE_STRICT_OBJC_MSGSEND = YES;
				ENABLE_TESTABILITY = YES;
				GCC_C_LANGUAGE_STANDARD = gnu11;
				GCC_DYNAMIC_NO_PIC = NO;
				GCC_NO_COMMON_BLOCKS = YES;
				GCC_OPTIMIZATION_LEVEL = 0;
				GCC_PREPROCESSOR_DEFINITIONS = (
					"DEBUG=1",
					"$(inherited)",
				);
				GCC_WARN_64_TO_32_BIT_CONVERSION = YES;
				GCC_WARN_ABOUT_RETURN_TYPE = YES_ERROR;
				GCC_WARN_UNDECLARED_SELECTOR = YES;
				GCC_WARN_UNINITIALIZED_AUTOS = YES_AGGRESSIVE;
				GCC_WARN_UNUSED_FUNCTION = YES;
				GCC_WARN_UNUSED_VARIABLE = YES;
				IPHONEOS_DEPLOYMENT_TARGET = 12.1;
				MTL_ENABLE_DEBUG_INFO = INCLUDE_SOURCE;
				MTL_FAST_MATH = YES;
				ONLY_ACTIVE_ARCH = YES;
				SDKROOT = iphoneos;
			};
			name = Debug;
		};
		18D0C0AE224B727600952AEF /* Release */ = {
			isa = XCBuildConfiguration;
			buildSettings = {
				ALWAYS_SEARCH_USER_PATHS = NO;
				CLANG_ANALYZER_NONNULL = YES;
				CLANG_ANALYZER_NUMBER_OBJECT_CONVERSION = YES_AGGRESSIVE;
				CLANG_CXX_LANGUAGE_STANDARD = "gnu++14";
				CLANG_CXX_LIBRARY = "libc++";
				CLANG_ENABLE_MODULES = YES;
				CLANG_ENABLE_OBJC_ARC = YES;
				CLANG_ENABLE_OBJC_WEAK = YES;
				CLANG_WARN_BLOCK_CAPTURE_AUTORELEASING = YES;
				CLANG_WARN_BOOL_CONVERSION = YES;
				CLANG_WARN_COMMA = YES;
				CLANG_WARN_CONSTANT_CONVERSION = YES;
				CLANG_WARN_DEPRECATED_OBJC_IMPLEMENTATIONS = YES;
				CLANG_WARN_DIRECT_OBJC_ISA_USAGE = YES_ERROR;
				CLANG_WARN_DOCUMENTATION_COMMENTS = YES;
				CLANG_WARN_EMPTY_BODY = YES;
				CLANG_WARN_ENUM_CONVERSION = YES;
				CLANG_WARN_INFINITE_RECURSION = YES;
				CLANG_WARN_INT_CONVERSION = YES;
				CLANG_WARN_NON_LITERAL_NULL_CONVERSION = YES;
				CLANG_WARN_OBJC_IMPLICIT_RETAIN_SELF = YES;
				CLANG_WARN_OBJC_LITERAL_CONVERSION = YES;
				CLANG_WARN_OBJC_ROOT_CLASS = YES_ERROR;
				CLANG_WARN_RANGE_LOOP_ANALYSIS = YES;
				CLANG_WARN_STRICT_PROTOTYPES = YES;
				CLANG_WARN_SUSPICIOUS_MOVE = YES;
				CLANG_WARN_UNGUARDED_AVAILABILITY = YES_AGGRESSIVE;
				CLANG_WARN_UNREACHABLE_CODE = YES;
				CLANG_WARN__DUPLICATE_METHOD_MATCH = YES;
				CODE_SIGN_IDENTITY = "iPhone Developer";
				COPY_PHASE_STRIP = NO;
				DEBUG_INFORMATION_FORMAT = "dwarf-with-dsym";
				ENABLE_NS_ASSERTIONS = NO;
				ENABLE_STRICT_OBJC_MSGSEND = YES;
				GCC_C_LANGUAGE_STANDARD = gnu11;
				GCC_NO_COMMON_BLOCKS = YES;
				GCC_WARN_64_TO_32_BIT_CONVERSION = YES;
				GCC_WARN_ABOUT_RETURN_TYPE = YES_ERROR;
				GCC_WARN_UNDECLARED_SELECTOR = YES;
				GCC_WARN_UNINITIALIZED_AUTOS = YES_AGGRESSIVE;
				GCC_WARN_UNUSED_FUNCTION = YES;
				GCC_WARN_UNUSED_VARIABLE = YES;
				IPHONEOS_DEPLOYMENT_TARGET = 12.1;
				MTL_ENABLE_DEBUG_INFO = NO;
				MTL_FAST_MATH = YES;
				SDKROOT = iphoneos;
				VALIDATE_PRODUCT = YES;
			};
			name = Release;
		};
		18D0C0B0224B727600952AEF /* Debug */ = {
			isa = XCBuildConfiguration;
			buildSettings = {
				ASSETCATALOG_COMPILER_APPICON_NAME = AppIcon;
				CODE_SIGN_STYLE = Automatic;
				INFOPLIST_FILE = ZZBConvertTool/Info.plist;
				IPHONEOS_DEPLOYMENT_TARGET = 9.0;
				LD_RUNPATH_SEARCH_PATHS = (
					"$(inherited)",
					"@executable_path/Frameworks",
				);
				PRODUCT_BUNDLE_IDENTIFIER = com.zzb.ZZBConvertTool;
				PRODUCT_NAME = "$(TARGET_NAME)";
				TARGETED_DEVICE_FAMILY = "1,2";
			};
			name = Debug;
		};
		18D0C0B1224B727600952AEF /* Release */ = {
			isa = XCBuildConfiguration;
			buildSettings = {
				ASSETCATALOG_COMPILER_APPICON_NAME = AppIcon;
				CODE_SIGN_STYLE = Automatic;
				INFOPLIST_FILE = ZZBConvertTool/Info.plist;
				IPHONEOS_DEPLOYMENT_TARGET = 9.0;
				LD_RUNPATH_SEARCH_PATHS = (
					"$(inherited)",
					"@executable_path/Frameworks",
				);
				PRODUCT_BUNDLE_IDENTIFIER = com.zzb.ZZBConvertTool;
				PRODUCT_NAME = "$(TARGET_NAME)";
				TARGETED_DEVICE_FAMILY = "1,2";
			};
			name = Release;
		};
		18D0C0B3224B727600952AEF /* Debug */ = {
			isa = XCBuildConfiguration;
			buildSettings = {
				BUNDLE_LOADER = "$(TEST_HOST)";
				CODE_SIGN_STYLE = Automatic;
				INFOPLIST_FILE = ZZBConvertToolTests/Info.plist;
				LD_RUNPATH_SEARCH_PATHS = (
					"$(inherited)",
					"@executable_path/Frameworks",
					"@loader_path/Frameworks",
				);
				PRODUCT_BUNDLE_IDENTIFIER = com.zzb.ZZBConvertToolTests;
				PRODUCT_NAME = "$(TARGET_NAME)";
				TARGETED_DEVICE_FAMILY = "1,2";
				TEST_HOST = "$(BUILT_PRODUCTS_DIR)/ZZBConvertTool.app/ZZBConvertTool";
			};
			name = Debug;
		};
		18D0C0B4224B727600952AEF /* Release */ = {
			isa = XCBuildConfiguration;
			buildSettings = {
				BUNDLE_LOADER = "$(TEST_HOST)";
				CODE_SIGN_STYLE = Automatic;
				INFOPLIST_FILE = ZZBConvertToolTests/Info.plist;
				LD_RUNPATH_SEARCH_PATHS = (
					"$(inherited)",
					"@executable_path/Frameworks",
					"@loader_path/Frameworks",
				);
				PRODUCT_BUNDLE_IDENTIFIER = com.zzb.ZZBConvertToolTests;
				PRODUCT_NAME = "$(TARGET_NAME)";
				TARGETED_DEVICE_FAMILY = "1,2";
				TEST_HOST = "$(BUILT_PRODUCTS_DIR)/ZZBConvertTool.app/ZZBConvertTool";
			};
			name = Release;
		};
		18D0C0B6224B727600952AEF /* Debug */ = {
			isa = XCBuildConfiguration;
			buildSettings = {
				CODE_SIGN_STYLE = Automatic;
				INFOPLIST_FILE = ZZBConvertToolUITests/Info.plist;
				LD_RUNPATH_SEARCH_PATHS = (
					"$(inherited)",
					"@executable_path/Frameworks",
					"@loader_path/Frameworks",
				);
				PRODUCT_BUNDLE_IDENTIFIER = com.zzb.ZZBConvertToolUITests;
				PRODUCT_NAME = "$(TARGET_NAME)";
				TARGETED_DEVICE_FAMILY = "1,2";
				TEST_TARGET_NAME = ZZBConvertTool;
			};
			name = Debug;
		};
		18D0C0B7224B727600952AEF /* Release */ = {
			isa = XCBuildConfiguration;
			buildSettings = {
				CODE_SIGN_STYLE = Automatic;
				INFOPLIST_FILE = ZZBConvertToolUITests/Info.plist;
				LD_RUNPATH_SEARCH_PATHS = (
					"$(inherited)",
					"@executable_path/Frameworks",
					"@loader_path/Frameworks",
				);
				PRODUCT_BUNDLE_IDENTIFIER = com.zzb.ZZBConvertToolUITests;
				PRODUCT_NAME = "$(TARGET_NAME)";
				TARGETED_DEVICE_FAMILY = "1,2";
				TEST_TARGET_NAME = ZZBConvertTool;
			};
			name = Release;
		};
/* End XCBuildConfiguration section */

/* Begin XCConfigurationList section */
		18D0C07E224B727500952AEF /* Build configuration list for PBXProject "ZZBConvertTool" */ = {
			isa = XCConfigurationList;
			buildConfigurations = (
				18D0C0AD224B727600952AEF /* Debug */,
				18D0C0AE224B727600952AEF /* Release */,
			);
			defaultConfigurationIsVisible = 0;
			defaultConfigurationName = Release;
		};
		18D0C0AF224B727600952AEF /* Build configuration list for PBXNativeTarget "ZZBConvertTool" */ = {
			isa = XCConfigurationList;
			buildConfigurations = (
				18D0C0B0224B727600952AEF /* Debug */,
				18D0C0B1224B727600952AEF /* Release */,
			);
			defaultConfigurationIsVisible = 0;
			defaultConfigurationName = Release;
		};
		18D0C0B2224B727600952AEF /* Build configuration list for PBXNativeTarget "ZZBConvertToolTests" */ = {
			isa = XCConfigurationList;
			buildConfigurations = (
				18D0C0B3224B727600952AEF /* Debug */,
				18D0C0B4224B727600952AEF /* Release */,
			);
			defaultConfigurationIsVisible = 0;
			defaultConfigurationName = Release;
		};
		18D0C0B5224B727600952AEF /* Build configuration list for PBXNativeTarget "ZZBConvertToolUITests" */ = {
			isa = XCConfigurationList;
			buildConfigurations = (
				18D0C0B6224B727600952AEF /* Debug */,
				18D0C0B7224B727600952AEF /* Release */,
			);
			defaultConfigurationIsVisible = 0;
			defaultConfigurationName = Release;
		};
/* End XCConfigurationList section */
	};
	rootObject = 18D0C07B224B727500952AEF /* Project object */;
}
